// !$*UTF8*$!
{
	archiveVersion = 1;
	classes = {
	};
	objectVersion = 55;
	objects = {

/* Begin PBXBuildFile section */
		1E2C2BF63F7B178A10C478D8 /* Pods_Newsay.framework in Frameworks */ = {isa = PBXBuildFile; fileRef = 52BEBBA95DC337FDBFBA0695 /* Pods_Newsay.framework */; };
		E26557D327D4F6AA008C39F1 /* Source.swift in Sources */ = {isa = PBXBuildFile; fileRef = E26557D027D4F6AA008C39F1 /* Source.swift */; };
		E26557D427D4F6AA008C39F1 /* NewsResponse.swift in Sources */ = {isa = PBXBuildFile; fileRef = E26557D127D4F6AA008C39F1 /* NewsResponse.swift */; };
		E26557D527D4F6AA008C39F1 /* Category.swift in Sources */ = {isa = PBXBuildFile; fileRef = E26557D227D4F6AA008C39F1 /* Category.swift */; };
		E26557DA27D4F6BE008C39F1 /* APICaller.swift in Sources */ = {isa = PBXBuildFile; fileRef = E26557D727D4F6BE008C39F1 /* APICaller.swift */; };
		E26557DB27D4F6BE008C39F1 /* APISettings.swift in Sources */ = {isa = PBXBuildFile; fileRef = E26557D827D4F6BE008C39F1 /* APISettings.swift */; };
		E26557DC27D4F6BE008C39F1 /* APISecrets.swift in Sources */ = {isa = PBXBuildFile; fileRef = E26557D927D4F6BE008C39F1 /* APISecrets.swift */; };
		E26557E027D4F6C9008C39F1 /* NewsCellViewModel.swift in Sources */ = {isa = PBXBuildFile; fileRef = E26557DE27D4F6C9008C39F1 /* NewsCellViewModel.swift */; };
		E26557E127D4F6C9008C39F1 /* CategoryCellViewModel.swift in Sources */ = {isa = PBXBuildFile; fileRef = E26557DF27D4F6C9008C39F1 /* CategoryCellViewModel.swift */; };
		E26557E427D4F6E1008C39F1 /* CategoryCollectionViewCell.swift in Sources */ = {isa = PBXBuildFile; fileRef = E26557E227D4F6E1008C39F1 /* CategoryCollectionViewCell.swift */; };
		E26557E527D4F6E1008C39F1 /* NewsCollectionViewCell.swift in Sources */ = {isa = PBXBuildFile; fileRef = E26557E327D4F6E1008C39F1 /* NewsCollectionViewCell.swift */; };
		E26557E827D4F6F8008C39F1 /* NewsDetailViewController.swift in Sources */ = {isa = PBXBuildFile; fileRef = E26557E627D4F6F8008C39F1 /* NewsDetailViewController.swift */; };
		E26557E927D4F6F8008C39F1 /* NewsViewController.swift in Sources */ = {isa = PBXBuildFile; fileRef = E26557E727D4F6F8008C39F1 /* NewsViewController.swift */; };
		E26557EB27D4F83B008C39F1 /* LoadingCollectionViewCell.swift in Sources */ = {isa = PBXBuildFile; fileRef = E26557EA27D4F83B008C39F1 /* LoadingCollectionViewCell.swift */; };
		E2DD0C4927A565E300D552BA /* AppDelegate.swift in Sources */ = {isa = PBXBuildFile; fileRef = E2DD0C4827A565E300D552BA /* AppDelegate.swift */; };
		E2DD0C4B27A565E300D552BA /* SceneDelegate.swift in Sources */ = {isa = PBXBuildFile; fileRef = E2DD0C4A27A565E300D552BA /* SceneDelegate.swift */; };
		E2DD0C5227A565E400D552BA /* Assets.xcassets in Resources */ = {isa = PBXBuildFile; fileRef = E2DD0C5127A565E400D552BA /* Assets.xcassets */; };
		E2DD0C5527A565E400D552BA /* LaunchScreen.storyboard in Resources */ = {isa = PBXBuildFile; fileRef = E2DD0C5327A565E400D552BA /* LaunchScreen.storyboard */; };
		E2DD0C5F27A5684500D552BA /* TabBarViewController.swift in Sources */ = {isa = PBXBuildFile; fileRef = E2DD0C5E27A5684500D552BA /* TabBarViewController.swift */; };
		E2DD0C6227A568AA00D552BA /* HomeViewController.swift in Sources */ = {isa = PBXBuildFile; fileRef = E2DD0C6127A568AA00D552BA /* HomeViewController.swift */; };
		E2DD0C6427A568CC00D552BA /* CategoryViewController.swift in Sources */ = {isa = PBXBuildFile; fileRef = E2DD0C6327A568CC00D552BA /* CategoryViewController.swift */; };
		E2DD0C6627A568D900D552BA /* SearchViewController.swift in Sources */ = {isa = PBXBuildFile; fileRef = E2DD0C6527A568D900D552BA /* SearchViewController.swift */; };
/* End PBXBuildFile section */

/* Begin PBXFileReference section */
		52BEBBA95DC337FDBFBA0695 /* Pods_Newsay.framework */ = {isa = PBXFileReference; explicitFileType = wrapper.framework; includeInIndex = 0; path = Pods_Newsay.framework; sourceTree = BUILT_PRODUCTS_DIR; };
		60A8E9C4A9EC2B63CAE0CE65 /* Pods-Newsay.debug.xcconfig */ = {isa = PBXFileReference; includeInIndex = 1; lastKnownFileType = text.xcconfig; name = "Pods-Newsay.debug.xcconfig"; path = "Target Support Files/Pods-Newsay/Pods-Newsay.debug.xcconfig"; sourceTree = "<group>"; };
		9087DFD34BE397DEA47D0353 /* Pods-Newsay.release.xcconfig */ = {isa = PBXFileReference; includeInIndex = 1; lastKnownFileType = text.xcconfig; name = "Pods-Newsay.release.xcconfig"; path = "Target Support Files/Pods-Newsay/Pods-Newsay.release.xcconfig"; sourceTree = "<group>"; };
		E26557D027D4F6AA008C39F1 /* Source.swift */ = {isa = PBXFileReference; fileEncoding = 4; lastKnownFileType = sourcecode.swift; path = Source.swift; sourceTree = "<group>"; };
		E26557D127D4F6AA008C39F1 /* NewsResponse.swift */ = {isa = PBXFileReference; fileEncoding = 4; lastKnownFileType = sourcecode.swift; path = NewsResponse.swift; sourceTree = "<group>"; };
		E26557D227D4F6AA008C39F1 /* Category.swift */ = {isa = PBXFileReference; fileEncoding = 4; lastKnownFileType = sourcecode.swift; path = Category.swift; sourceTree = "<group>"; };
		E26557D727D4F6BE008C39F1 /* APICaller.swift */ = {isa = PBXFileReference; fileEncoding = 4; lastKnownFileType = sourcecode.swift; path = APICaller.swift; sourceTree = "<group>"; };
		E26557D827D4F6BE008C39F1 /* APISettings.swift */ = {isa = PBXFileReference; fileEncoding = 4; lastKnownFileType = sourcecode.swift; path = APISettings.swift; sourceTree = "<group>"; };
		E26557D927D4F6BE008C39F1 /* APISecrets.swift */ = {isa = PBXFileReference; fileEncoding = 4; lastKnownFileType = sourcecode.swift; path = APISecrets.swift; sourceTree = "<group>"; };
		E26557DE27D4F6C9008C39F1 /* NewsCellViewModel.swift */ = {isa = PBXFileReference; fileEncoding = 4; lastKnownFileType = sourcecode.swift; path = NewsCellViewModel.swift; sourceTree = "<group>"; };
		E26557DF27D4F6C9008C39F1 /* CategoryCellViewModel.swift */ = {isa = PBXFileReference; fileEncoding = 4; lastKnownFileType = sourcecode.swift; path = CategoryCellViewModel.swift; sourceTree = "<group>"; };
		E26557E227D4F6E1008C39F1 /* CategoryCollectionViewCell.swift */ = {isa = PBXFileReference; fileEncoding = 4; lastKnownFileType = sourcecode.swift; path = CategoryCollectionViewCell.swift; sourceTree = "<group>"; };
		E26557E327D4F6E1008C39F1 /* NewsCollectionViewCell.swift */ = {isa = PBXFileReference; fileEncoding = 4; lastKnownFileType = sourcecode.swift; path = NewsCollectionViewCell.swift; sourceTree = "<group>"; };
		E26557E627D4F6F8008C39F1 /* NewsDetailViewController.swift */ = {isa = PBXFileReference; fileEncoding = 4; lastKnownFileType = sourcecode.swift; path = NewsDetailViewController.swift; sourceTree = "<group>"; };
		E26557E727D4F6F8008C39F1 /* NewsViewController.swift */ = {isa = PBXFileReference; fileEncoding = 4; lastKnownFileType = sourcecode.swift; path = NewsViewController.swift; sourceTree = "<group>"; };
		E26557EA27D4F83B008C39F1 /* LoadingCollectionViewCell.swift */ = {isa = PBXFileReference; lastKnownFileType = sourcecode.swift; path = LoadingCollectionViewCell.swift; sourceTree = "<group>"; };
		E2DD0C4527A565E300D552BA /* Newsay.app */ = {isa = PBXFileReference; explicitFileType = wrapper.application; includeInIndex = 0; path = Newsay.app; sourceTree = BUILT_PRODUCTS_DIR; };
		E2DD0C4827A565E300D552BA /* AppDelegate.swift */ = {isa = PBXFileReference; lastKnownFileType = sourcecode.swift; path = AppDelegate.swift; sourceTree = "<group>"; };
		E2DD0C4A27A565E300D552BA /* SceneDelegate.swift */ = {isa = PBXFileReference; lastKnownFileType = sourcecode.swift; path = SceneDelegate.swift; sourceTree = "<group>"; };
		E2DD0C5127A565E400D552BA /* Assets.xcassets */ = {isa = PBXFileReference; lastKnownFileType = folder.assetcatalog; path = Assets.xcassets; sourceTree = "<group>"; };
		E2DD0C5427A565E400D552BA /* Base */ = {isa = PBXFileReference; lastKnownFileType = file.storyboard; name = Base; path = Base.lproj/LaunchScreen.storyboard; sourceTree = "<group>"; };
		E2DD0C5627A565E400D552BA /* Info.plist */ = {isa = PBXFileReference; lastKnownFileType = text.plist.xml; path = Info.plist; sourceTree = "<group>"; };
		E2DD0C5E27A5684500D552BA /* TabBarViewController.swift */ = {isa = PBXFileReference; lastKnownFileType = sourcecode.swift; path = TabBarViewController.swift; sourceTree = "<group>"; };
		E2DD0C6127A568AA00D552BA /* HomeViewController.swift */ = {isa = PBXFileReference; lastKnownFileType = sourcecode.swift; path = HomeViewController.swift; sourceTree = "<group>"; };
		E2DD0C6327A568CC00D552BA /* CategoryViewController.swift */ = {isa = PBXFileReference; lastKnownFileType = sourcecode.swift; path = CategoryViewController.swift; sourceTree = "<group>"; };
		E2DD0C6527A568D900D552BA /* SearchViewController.swift */ = {isa = PBXFileReference; lastKnownFileType = sourcecode.swift; path = SearchViewController.swift; sourceTree = "<group>"; };
/* End PBXFileReference section */

/* Begin PBXFrameworksBuildPhase section */
		E2DD0C4227A565E300D552BA /* Frameworks */ = {
			isa = PBXFrameworksBuildPhase;
			buildActionMask = 2147483647;
			files = (
				1E2C2BF63F7B178A10C478D8 /* Pods_Newsay.framework in Frameworks */,
			);
			runOnlyForDeploymentPostprocessing = 0;
		};
/* End PBXFrameworksBuildPhase section */

/* Begin PBXGroup section */
		6185ED192CE608BEECF84B29 /* Frameworks */ = {
			isa = PBXGroup;
			children = (
				52BEBBA95DC337FDBFBA0695 /* Pods_Newsay.framework */,
			);
			name = Frameworks;
			sourceTree = "<group>";
		};
		691E3882E43B1838E97A33CB /* Pods */ = {
			isa = PBXGroup;
			children = (
				60A8E9C4A9EC2B63CAE0CE65 /* Pods-Newsay.debug.xcconfig */,
				9087DFD34BE397DEA47D0353 /* Pods-Newsay.release.xcconfig */,
			);
			path = Pods;
			sourceTree = "<group>";
		};
		E26557CF27D4F6AA008C39F1 /* Models */ = {
			isa = PBXGroup;
			children = (
				E26557D027D4F6AA008C39F1 /* Source.swift */,
				E26557D127D4F6AA008C39F1 /* NewsResponse.swift */,
				E26557D227D4F6AA008C39F1 /* Category.swift */,
			);
			path = Models;
			sourceTree = "<group>";
		};
		E26557D627D4F6BE008C39F1 /* Network */ = {
			isa = PBXGroup;
			children = (
				E26557D727D4F6BE008C39F1 /* APICaller.swift */,
				E26557D827D4F6BE008C39F1 /* APISettings.swift */,
				E26557D927D4F6BE008C39F1 /* APISecrets.swift */,
			);
			path = Network;
			sourceTree = "<group>";
		};
		E26557DD27D4F6C9008C39F1 /* ViewModels */ = {
			isa = PBXGroup;
			children = (
				E26557DE27D4F6C9008C39F1 /* NewsCellViewModel.swift */,
				E26557DF27D4F6C9008C39F1 /* CategoryCellViewModel.swift */,
			);
			path = ViewModels;
			sourceTree = "<group>";
		};
		E2DD0C3C27A565E300D552BA = {
			isa = PBXGroup;
			children = (
				E2DD0C4727A565E300D552BA /* Newsay */,
				E2DD0C4627A565E300D552BA /* Products */,
				691E3882E43B1838E97A33CB /* Pods */,
				6185ED192CE608BEECF84B29 /* Frameworks */,
			);
			sourceTree = "<group>";
		};
		E2DD0C4627A565E300D552BA /* Products */ = {
			isa = PBXGroup;
			children = (
				E2DD0C4527A565E300D552BA /* Newsay.app */,
			);
			name = Products;
			sourceTree = "<group>";
		};
		E2DD0C4727A565E300D552BA /* Newsay */ = {
			isa = PBXGroup;
			children = (
				E26557DD27D4F6C9008C39F1 /* ViewModels */,
				E26557D627D4F6BE008C39F1 /* Network */,
				E26557CF27D4F6AA008C39F1 /* Models */,
				E2DD0C6727A5690700D552BA /* Resources */,
				E2DD0C5D27A5682200D552BA /* Controllers */,
				E2DD0C5C27A5671D00D552BA /* Views */,
				E2DD0C5627A565E400D552BA /* Info.plist */,
			);
			path = Newsay;
			sourceTree = "<group>";
		};
		E2DD0C5C27A5671D00D552BA /* Views */ = {
			isa = PBXGroup;
			children = (
				E26557E227D4F6E1008C39F1 /* CategoryCollectionViewCell.swift */,
				E26557E327D4F6E1008C39F1 /* NewsCollectionViewCell.swift */,
				E2DD0C5327A565E400D552BA /* LaunchScreen.storyboard */,
				E26557EA27D4F83B008C39F1 /* LoadingCollectionViewCell.swift */,
			);
			path = Views;
			sourceTree = "<group>";
		};
		E2DD0C5D27A5682200D552BA /* Controllers */ = {
			isa = PBXGroup;
			children = (
				E26557E627D4F6F8008C39F1 /* NewsDetailViewController.swift */,
				E26557E727D4F6F8008C39F1 /* NewsViewController.swift */,
				E2DD0C6027A5685E00D552BA /* TabBar */,
			);
			path = Controllers;
			sourceTree = "<group>";
		};
		E2DD0C6027A5685E00D552BA /* TabBar */ = {
			isa = PBXGroup;
			children = (
				E2DD0C5E27A5684500D552BA /* TabBarViewController.swift */,
				E2DD0C6127A568AA00D552BA /* HomeViewController.swift */,
				E2DD0C6327A568CC00D552BA /* CategoryViewController.swift */,
				E2DD0C6527A568D900D552BA /* SearchViewController.swift */,
			);
			path = TabBar;
			sourceTree = "<group>";
		};
		E2DD0C6727A5690700D552BA /* Resources */ = {
			isa = PBXGroup;
			children = (
				E2DD0C4827A565E300D552BA /* AppDelegate.swift */,
				E2DD0C4A27A565E300D552BA /* SceneDelegate.swift */,
				E2DD0C5127A565E400D552BA /* Assets.xcassets */,
			);
			path = Resources;
			sourceTree = "<group>";
		};
/* End PBXGroup section */

/* Begin PBXNativeTarget section */
		E2DD0C4427A565E300D552BA /* Newsay */ = {
			isa = PBXNativeTarget;
			buildConfigurationList = E2DD0C5927A565E400D552BA /* Build configuration list for PBXNativeTarget "Newsay" */;
			buildPhases = (
				3C04E575EA4079BA0A284A31 /* [CP] Check Pods Manifest.lock */,
				E2DD0C4127A565E300D552BA /* Sources */,
				E2DD0C4227A565E300D552BA /* Frameworks */,
				E2DD0C4327A565E300D552BA /* Resources */,
				7D2BE386DE809CD0F03318DA /* [CP] Embed Pods Frameworks */,
			);
			buildRules = (
			);
			dependencies = (
			);
			name = Newsay;
			productName = Newsay;
			productReference = E2DD0C4527A565E300D552BA /* Newsay.app */;
			productType = "com.apple.product-type.application";
		};
/* End PBXNativeTarget section */

/* Begin PBXProject section */
		E2DD0C3D27A565E300D552BA /* Project object */ = {
			isa = PBXProject;
			attributes = {
				BuildIndependentTargetsInParallel = 1;
				LastSwiftUpdateCheck = 1320;
				LastUpgradeCheck = 1320;
				TargetAttributes = {
					E2DD0C4427A565E300D552BA = {
						CreatedOnToolsVersion = 13.2.1;
					};
				};
			};
			buildConfigurationList = E2DD0C4027A565E300D552BA /* Build configuration list for PBXProject "Newsay" */;
			compatibilityVersion = "Xcode 13.0";
			developmentRegion = en;
			hasScannedForEncodings = 0;
			knownRegions = (
				en,
				Base,
			);
			mainGroup = E2DD0C3C27A565E300D552BA;
			productRefGroup = E2DD0C4627A565E300D552BA /* Products */;
			projectDirPath = "";
			projectRoot = "";
			targets = (
				E2DD0C4427A565E300D552BA /* Newsay */,
			);
		};
/* End PBXProject section */

/* Begin PBXResourcesBuildPhase section */
		E2DD0C4327A565E300D552BA /* Resources */ = {
			isa = PBXResourcesBuildPhase;
			buildActionMask = 2147483647;
			files = (
				E2DD0C5527A565E400D552BA /* LaunchScreen.storyboard in Resources */,
				E2DD0C5227A565E400D552BA /* Assets.xcassets in Resources */,
			);
			runOnlyForDeploymentPostprocessing = 0;
		};
/* End PBXResourcesBuildPhase section */

/* Begin PBXShellScriptBuildPhase section */
		3C04E575EA4079BA0A284A31 /* [CP] Check Pods Manifest.lock */ = {
			isa = PBXShellScriptBuildPhase;
			buildActionMask = 2147483647;
			files = (
			);
			inputFileListPaths = (
			);
			inputPaths = (
				"${PODS_PODFILE_DIR_PATH}/Podfile.lock",
				"${PODS_ROOT}/Manifest.lock",
			);
			name = "[CP] Check Pods Manifest.lock";
			outputFileListPaths = (
			);
			outputPaths = (
				"$(DERIVED_FILE_DIR)/Pods-Newsay-checkManifestLockResult.txt",
			);
			runOnlyForDeploymentPostprocessing = 0;
			shellPath = /bin/sh;
			shellScript = "diff \"${PODS_PODFILE_DIR_PATH}/Podfile.lock\" \"${PODS_ROOT}/Manifest.lock\" > /dev/null\nif [ $? != 0 ] ; then\n    # print error to STDERR\n    echo \"error: The sandbox is not in sync with the Podfile.lock. Run 'pod install' or update your CocoaPods installation.\" >&2\n    exit 1\nfi\n# This output is used by Xcode 'outputs' to avoid re-running this script phase.\necho \"SUCCESS\" > \"${SCRIPT_OUTPUT_FILE_0}\"\n";
			showEnvVarsInLog = 0;
		};
		7D2BE386DE809CD0F03318DA /* [CP] Embed Pods Frameworks */ = {
			isa = PBXShellScriptBuildPhase;
			buildActionMask = 2147483647;
			files = (
			);
			inputFileListPaths = (
				"${PODS_ROOT}/Target Support Files/Pods-Newsay/Pods-Newsay-frameworks-${CONFIGURATION}-input-files.xcfilelist",
			);
			name = "[CP] Embed Pods Frameworks";
			outputFileListPaths = (
				"${PODS_ROOT}/Target Support Files/Pods-Newsay/Pods-Newsay-frameworks-${CONFIGURATION}-output-files.xcfilelist",
			);
			runOnlyForDeploymentPostprocessing = 0;
			shellPath = /bin/sh;
			shellScript = "\"${PODS_ROOT}/Target Support Files/Pods-Newsay/Pods-Newsay-frameworks.sh\"\n";
			showEnvVarsInLog = 0;
		};
/* End PBXShellScriptBuildPhase section */

/* Begin PBXSourcesBuildPhase section */
		E2DD0C4127A565E300D552BA /* Sources */ = {
			isa = PBXSourcesBuildPhase;
			buildActionMask = 2147483647;
			files = (
				E2DD0C6227A568AA00D552BA /* HomeViewController.swift in Sources */,
				E26557E827D4F6F8008C39F1 /* NewsDetailViewController.swift in Sources */,
				E26557E427D4F6E1008C39F1 /* CategoryCollectionViewCell.swift in Sources */,
				E26557D427D4F6AA008C39F1 /* NewsResponse.swift in Sources */,
				E26557E027D4F6C9008C39F1 /* NewsCellViewModel.swift in Sources */,
				E2DD0C6627A568D900D552BA /* SearchViewController.swift in Sources */,
				E26557E127D4F6C9008C39F1 /* CategoryCellViewModel.swift in Sources */,
				E26557EB27D4F83B008C39F1 /* LoadingCollectionViewCell.swift in Sources */,
				E26557DA27D4F6BE008C39F1 /* APICaller.swift in Sources */,
				E26557DB27D4F6BE008C39F1 /* APISettings.swift in Sources */,
				E2DD0C5F27A5684500D552BA /* TabBarViewController.swift in Sources */,
				E26557D327D4F6AA008C39F1 /* Source.swift in Sources */,
				E26557D527D4F6AA008C39F1 /* Category.swift in Sources */,
				E26557E527D4F6E1008C39F1 /* NewsCollectionViewCell.swift in Sources */,
				E2DD0C4927A565E300D552BA /* AppDelegate.swift in Sources */,
				E2DD0C6427A568CC00D552BA /* CategoryViewController.swift in Sources */,
				E26557E927D4F6F8008C39F1 /* NewsViewController.swift in Sources */,
				E26557DC27D4F6BE008C39F1 /* APISecrets.swift in Sources */,
				E2DD0C4B27A565E300D552BA /* SceneDelegate.swift in Sources */,
			);
			runOnlyForDeploymentPostprocessing = 0;
		};
/* End PBXSourcesBuildPhase section */

/* Begin PBXVariantGroup section */
		E2DD0C5327A565E400D552BA /* LaunchScreen.storyboard */ = {
			isa = PBXVariantGroup;
			children = (
				E2DD0C5427A565E400D552BA /* Base */,
			);
			name = LaunchScreen.storyboard;
			sourceTree = "<group>";
		};
/* End PBXVariantGroup section */

/* Begin XCBuildConfiguration section */
		E2DD0C5727A565E400D552BA /* Debug */ = {
			isa = XCBuildConfiguration;
			buildSettings = {
				ALWAYS_SEARCH_USER_PATHS = NO;
				CLANG_ANALYZER_NONNULL = YES;
				CLANG_ANALYZER_NUMBER_OBJECT_CONVERSION = YES_AGGRESSIVE;
				CLANG_CXX_LANGUAGE_STANDARD = "gnu++17";
				CLANG_CXX_LIBRARY = "libc++";
				CLANG_ENABLE_MODULES = YES;
				CLANG_ENABLE_OBJC_ARC = YES;
				CLANG_ENABLE_OBJC_WEAK = YES;
				CLANG_WARN_BLOCK_CAPTURE_AUTORELEASING = YES;
				CLANG_WARN_BOOL_CONVERSION = YES;
				CLANG_WARN_COMMA = YES;
				CLANG_WARN_CONSTANT_CONVERSION = YES;
				CLANG_WARN_DEPRECATED_OBJC_IMPLEMENTATIONS = YES;
				CLANG_WARN_DIRECT_OBJC_ISA_USAGE = YES_ERROR;
				CLANG_WARN_DOCUMENTATION_COMMENTS = YES;
				CLANG_WARN_EMPTY_BODY = YES;
				CLANG_WARN_ENUM_CONVERSION = YES;
				CLANG_WARN_INFINITE_RECURSION = YES;
				CLANG_WARN_INT_CONVERSION = YES;
				CLANG_WARN_NON_LITERAL_NULL_CONVERSION = YES;
				CLANG_WARN_OBJC_IMPLICIT_RETAIN_SELF = YES;
				CLANG_WARN_OBJC_LITERAL_CONVERSION = YES;
				CLANG_WARN_OBJC_ROOT_CLASS = YES_ERROR;
				CLANG_WARN_QUOTED_INCLUDE_IN_FRAMEWORK_HEADER = YES;
				CLANG_WARN_RANGE_LOOP_ANALYSIS = YES;
				CLANG_WARN_STRICT_PROTOTYPES = YES;
				CLANG_WARN_SUSPICIOUS_MOVE = YES;
				CLANG_WARN_UNGUARDED_AVAILABILITY = YES_AGGRESSIVE;
				CLANG_WARN_UNREACHABLE_CODE = YES;
				CLANG_WARN__DUPLICATE_METHOD_MATCH = YES;
				COPY_PHASE_STRIP = NO;
				DEBUG_INFORMATION_FORMAT = dwarf;
				ENABLE_STRICT_OBJC_MSGSEND = YES;
				ENABLE_TESTABILITY = YES;
				GCC_C_LANGUAGE_STANDARD = gnu11;
				GCC_DYNAMIC_NO_PIC = NO;
				GCC_NO_COMMON_BLOCKS = YES;
				GCC_OPTIMIZATION_LEVEL = 0;
				GCC_PREPROCESSOR_DEFINITIONS = (
					"DEBUG=1",
					"$(inherited)",
				);
				GCC_WARN_64_TO_32_BIT_CONVERSION = YES;
				GCC_WARN_ABOUT_RETURN_TYPE = YES_ERROR;
				GCC_WARN_UNDECLARED_SELECTOR = YES;
				GCC_WARN_UNINITIALIZED_AUTOS = YES_AGGRESSIVE;
				GCC_WARN_UNUSED_FUNCTION = YES;
				GCC_WARN_UNUSED_VARIABLE = YES;
				IPHONEOS_DEPLOYMENT_TARGET = 15.2;
				MTL_ENABLE_DEBUG_INFO = INCLUDE_SOURCE;
				MTL_FAST_MATH = YES;
				ONLY_ACTIVE_ARCH = YES;
				SDKROOT = iphoneos;
				SWIFT_ACTIVE_COMPILATION_CONDITIONS = DEBUG;
				SWIFT_OPTIMIZATION_LEVEL = "-Onone";
			};
			name = Debug;
		};
		E2DD0C5827A565E400D552BA /* Release */ = {
			isa = XCBuildConfiguration;
			buildSettings = {
				ALWAYS_SEARCH_USER_PATHS = NO;
				CLANG_ANALYZER_NONNULL = YES;
				CLANG_ANALYZER_NUMBER_OBJECT_CONVERSION = YES_AGGRESSIVE;
				CLANG_CXX_LANGUAGE_STANDARD = "gnu++17";
				CLANG_CXX_LIBRARY = "libc++";
				CLANG_ENABLE_MODULES = YES;
				CLANG_ENABLE_OBJC_ARC = YES;
				CLANG_ENABLE_OBJC_WEAK = YES;
				CLANG_WARN_BLOCK_CAPTURE_AUTORELEASING = YES;
				CLANG_WARN_BOOL_CONVERSION = YES;
				CLANG_WARN_COMMA = YES;
				CLANG_WARN_CONSTANT_CONVERSION = YES;
				CLANG_WARN_DEPRECATED_OBJC_IMPLEMENTATIONS = YES;
				CLANG_WARN_DIRECT_OBJC_ISA_USAGE = YES_ERROR;
				CLANG_WARN_DOCUMENTATION_COMMENTS = YES;
				CLANG_WARN_EMPTY_BODY = YES;
				CLANG_WARN_ENUM_CONVERSION = YES;
				CLANG_WARN_INFINITE_RECURSION = YES;
				CLANG_WARN_INT_CONVERSION = YES;
				CLANG_WARN_NON_LITERAL_NULL_CONVERSION = YES;
				CLANG_WARN_OBJC_IMPLICIT_RETAIN_SELF = YES;
				CLANG_WARN_OBJC_LITERAL_CONVERSION = YES;
				CLANG_WARN_OBJC_ROOT_CLASS = YES_ERROR;
				CLANG_WARN_QUOTED_INCLUDE_IN_FRAMEWORK_HEADER = YES;
				CLANG_WARN_RANGE_LOOP_ANALYSIS = YES;
				CLANG_WARN_STRICT_PROTOTYPES = YES;
				CLANG_WARN_SUSPICIOUS_MOVE = YES;
				CLANG_WARN_UNGUARDED_AVAILABILITY = YES_AGGRESSIVE;
				CLANG_WARN_UNREACHABLE_CODE = YES;
				CLANG_WARN__DUPLICATE_METHOD_MATCH = YES;
				COPY_PHASE_STRIP = NO;
				DEBUG_INFORMATION_FORMAT = "dwarf-with-dsym";
				ENABLE_NS_ASSERTIONS = NO;
				ENABLE_STRICT_OBJC_MSGSEND = YES;
				GCC_C_LANGUAGE_STANDARD = gnu11;
				GCC_NO_COMMON_BLOCKS = YES;
				GCC_WARN_64_TO_32_BIT_CONVERSION = YES;
				GCC_WARN_ABOUT_RETURN_TYPE = YES_ERROR;
				GCC_WARN_UNDECLARED_SELECTOR = YES;
				GCC_WARN_UNINITIALIZED_AUTOS = YES_AGGRESSIVE;
				GCC_WARN_UNUSED_FUNCTION = YES;
				GCC_WARN_UNUSED_VARIABLE = YES;
				IPHONEOS_DEPLOYMENT_TARGET = 15.2;
				MTL_ENABLE_DEBUG_INFO = NO;
				MTL_FAST_MATH = YES;
				SDKROOT = iphoneos;
				SWIFT_COMPILATION_MODE = wholemodule;
				SWIFT_OPTIMIZATION_LEVEL = "-O";
				VALIDATE_PRODUCT = YES;
			};
			name = Release;
		};
		E2DD0C5A27A565E400D552BA /* Debug */ = {
			isa = XCBuildConfiguration;
			baseConfigurationReference = 60A8E9C4A9EC2B63CAE0CE65 /* Pods-Newsay.debug.xcconfig */;
			buildSettings = {
				ASSETCATALOG_COMPILER_APPICON_NAME = AppIcon;
				ASSETCATALOG_COMPILER_GLOBAL_ACCENT_COLOR_NAME = AccentColor;
				CODE_SIGN_STYLE = Automatic;
				CURRENT_PROJECT_VERSION = 1;
				DEVELOPMENT_TEAM = 86D67UBZU4;
				GENERATE_INFOPLIST_FILE = YES;
				INFOPLIST_FILE = Newsay/Info.plist;
				INFOPLIST_KEY_UIApplicationSupportsIndirectInputEvents = YES;
				INFOPLIST_KEY_UILaunchStoryboardName = LaunchScreen;
				INFOPLIST_KEY_UISupportedInterfaceOrientations_iPad = "UIInterfaceOrientationPortrait UIInterfaceOrientationPortraitUpsideDown UIInterfaceOrientationLandscapeLeft UIInterfaceOrientationLandscapeRight";
				INFOPLIST_KEY_UISupportedInterfaceOrientations_iPhone = "UIInterfaceOrientationPortrait UIInterfaceOrientationLandscapeLeft UIInterfaceOrientationLandscapeRight";
				LD_RUNPATH_SEARCH_PATHS = (
					"$(inherited)",
					"@executable_path/Frameworks",
				);
				MARKETING_VERSION = 1.0;
				PRODUCT_BUNDLE_IDENTIFIER = Oguzhan.Newsay;
				PRODUCT_NAME = "$(TARGET_NAME)";
				SWIFT_EMIT_LOC_STRINGS = YES;
				SWIFT_VERSION = 5.0;
				TARGETED_DEVICE_FAMILY = "1,2";
			};
			name = Debug;
		};
		E2DD0C5B27A565E400D552BA /* Release */ = {
			isa = XCBuildConfiguration;
			baseConfigurationReference = 9087DFD34BE397DEA47D0353 /* Pods-Newsay.release.xcconfig */;
			buildSettings = {
				ASSETCATALOG_COMPILER_APPICON_NAME = AppIcon;
				ASSETCATALOG_COMPILER_GLOBAL_ACCENT_COLOR_NAME = AccentColor;
				CODE_SIGN_STYLE = Automatic;
				CURRENT_PROJECT_VERSION = 1;
				DEVELOPMENT_TEAM = 86D67UBZU4;
				GENERATE_INFOPLIST_FILE = YES;
				INFOPLIST_FILE = Newsay/Info.plist;
				INFOPLIST_KEY_UIApplicationSupportsIndirectInputEvents = YES;
				INFOPLIST_KEY_UILaunchStoryboardName = LaunchScreen;
				INFOPLIST_KEY_UISupportedInterfaceOrientations_iPad = "UIInterfaceOrientationPortrait UIInterfaceOrientationPortraitUpsideDown UIInterfaceOrientationLandscapeLeft UIInterfaceOrientationLandscapeRight";
				INFOPLIST_KEY_UISupportedInterfaceOrientations_iPhone = "UIInterfaceOrientationPortrait UIInterfaceOrientationLandscapeLeft UIInterfaceOrientationLandscapeRight";
				LD_RUNPATH_SEARCH_PATHS = (
					"$(inherited)",
					"@executable_path/Frameworks",
				);
				MARKETING_VERSION = 1.0;
				PRODUCT_BUNDLE_IDENTIFIER = Oguzhan.Newsay;
				PRODUCT_NAME = "$(TARGET_NAME)";
				SWIFT_EMIT_LOC_STRINGS = YES;
				SWIFT_VERSION = 5.0;
				TARGETED_DEVICE_FAMILY = "1,2";
			};
			name = Release;
		};
/* End XCBuildConfiguration section */

/* Begin XCConfigurationList section */
		E2DD0C4027A565E300D552BA /* Build configuration list for PBXProject "Newsay" */ = {
			isa = XCConfigurationList;
			buildConfigurations = (
				E2DD0C5727A565E400D552BA /* Debug */,
				E2DD0C5827A565E400D552BA /* Release */,
			);
			defaultConfigurationIsVisible = 0;
			defaultConfigurationName = Release;
		};
		E2DD0C5927A565E400D552BA /* Build configuration list for PBXNativeTarget "Newsay" */ = {
			isa = XCConfigurationList;
			buildConfigurations = (
				E2DD0C5A27A565E400D552BA /* Debug */,
				E2DD0C5B27A565E400D552BA /* Release */,
			);
			defaultConfigurationIsVisible = 0;
			defaultConfigurationName = Release;
		};
/* End XCConfigurationList section */
	};
	rootObject = E2DD0C3D27A565E300D552BA /* Project object */;
}
